
Microsoft Visual Studio Solution File, Format Version 12.00
Project("{FAE04EC0-301F-11D3-BF4B-00C04F79EFBC}") = "CityInfo.Api", "CityInfo.Api\CityInfo.Api.csproj", "{8F7285A8-40C3-48B2-ABB6-E8DDBB3F5EBD}"
EndProject
Global
	GlobalSection(SolutionConfigurationPlatforms) = preSolution
		Debug|Any CPU = Debug|Any CPU
		Release|Any CPU = Release|Any CPU
	EndGlobalSection
	GlobalSection(ProjectConfigurationPlatforms) = postSolution
		{8F7285A8-40C3-48B2-ABB6-E8DDBB3F5EBD}.Debug|Any CPU.ActiveCfg = Debug|Any CPU
		{8F7285A8-40C3-48B2-ABB6-E8DDBB3F5EBD}.Debug|Any CPU.Build.0 = Debug|Any CPU
		{8F7285A8-40C3-48B2-ABB6-E8DDBB3F5EBD}.Release|Any CPU.ActiveCfg = Release|Any CPU
		{8F7285A8-40C3-48B2-ABB6-E8DDBB3F5EBD}.Release|Any CPU.Build.0 = Release|Any CPU
	EndGlobalSection
EndGlobal
